
Microsoft Visual Studio Solution File, Format Version 12.00
# Visual Studio Version 17
VisualStudioVersion = 17.0.32112.339
MinimumVisualStudioVersion = 10.0.40219.1
Project("{9A19103F-16F7-4668-BE54-9A1E7A4F7556}") = "MPM.Exposure.Api", "src\services\MPM.Exposure.Api\MPM.Exposure.Api.csproj", "{151BE32F-6CC9-4E57-B148-D3C894F95E93}"
EndProject
Project("{9A19103F-16F7-4668-BE54-9A1E7A4F7556}") = "MPM.Exposure.Api.IntegrationTests", "test\services\MPM.Exposure.Api.IntegrationTests\MPM.Exposure.Api.IntegrationTests.csproj", "{F154FF95-022C-4F92-B91F-8B6BBAA6BF3D}"
	ProjectSection(ProjectDependencies) = postProject
		{4A119EAE-1152-48B0-842F-3CCD3AE21B22} = {4A119EAE-1152-48B0-842F-3CCD3AE21B22}
	EndProjectSection
EndProject
Project("{9A19103F-16F7-4668-BE54-9A1E7A4F7556}") = "MPM.Exposure.Business", "src\shared\MPM.Exposure.Business\MPM.Exposure.Business.csproj", "{2CD321A3-B44E-4BBC-8017-3C2532A393A3}"
EndProject
Project("{9A19103F-16F7-4668-BE54-9A1E7A4F7556}") = "MPM.Exposure.Data", "src\shared\MPM.Exposure.Data\MPM.Exposure.Data.csproj", "{DE7F23BE-C970-4284-81BC-1114D245B154}"
EndProject
Project("{00D1A9C2-B5F0-4AF3-8072-F6C62B433612}") = "MPM.Exposure.Database", "src\database\MPM.Exposure.Database\MPM.Exposure.Database.sqlproj", "{E9356057-A293-4E3C-8105-39175976BAFC}"
EndProject
Project("{2150E333-8FDC-42A3-9474-1A3956D46DE8}") = "src", "src", "{31BED1B8-9907-4E5F-AF77-87A5EBC36280}"
EndProject
Project("{2150E333-8FDC-42A3-9474-1A3956D46DE8}") = "test", "test", "{67FEA9F8-6BB2-470D-B353-F99BC6F376DB}"
EndProject
Project("{A07B5EB6-E848-4116-A8D0-A826331D98C6}") = "MPM.Exposure.Application", "src\app\MPM.Exposure.Application\MPM.Exposure.Application.sfproj", "{867206E2-1ABC-43E5-89DB-4656935245E2}"
EndProject
Project("{9A19103F-16F7-4668-BE54-9A1E7A4F7556}") = "MPM.Exposure.Abstractions", "src\shared\MPM.Exposure.Abstractions\MPM.Exposure.Abstractions.csproj", "{FA226E90-DAC1-410F-BD85-BF0DC9CD5B69}"
EndProject
Project("{2150E333-8FDC-42A3-9474-1A3956D46DE8}") = "database", "database", "{4DBF200C-6C7E-4E08-8009-F6C0D5D88779}"
EndProject
Project("{2150E333-8FDC-42A3-9474-1A3956D46DE8}") = "shared", "shared", "{DC9B2F31-5602-466E-93D7-0F55CD32AFEF}"
EndProject
Project("{2150E333-8FDC-42A3-9474-1A3956D46DE8}") = "services", "services", "{6A5CE7D8-61A2-4588-8547-AF2D3ACE84C4}"
EndProject
Project("{2150E333-8FDC-42A3-9474-1A3956D46DE8}") = "app", "app", "{178A0CD7-BD69-4087-B58E-4678AFA5E493}"
EndProject
Project("{2150E333-8FDC-42A3-9474-1A3956D46DE8}") = "Solution Items", "Solution Items", "{857BBABC-DD0D-4715-8CEF-8583749254AD}"
	ProjectSection(SolutionItems) = preProject
		.editorconfig = .editorconfig
		.gitattributes = .gitattributes
		.gitignore = .gitignore
		azure-pipelines.yml = azure-pipelines.yml
		CodeAnalysis.props = CodeAnalysis.props
		Common.props = Common.props
		MPM.Exposure.sln.DotSettings = MPM.Exposure.sln.DotSettings
		NuGet.Config = NuGet.Config
		README.md = README.md
		StyleCop.ruleset = StyleCop.ruleset
	EndProjectSection
EndProject
Project("{2150E333-8FDC-42A3-9474-1A3956D46DE8}") = "services", "services", "{DDC5E6D1-30D2-4F0C-ADBB-D74419A0D092}"
EndProject
Project("{2150E333-8FDC-42A3-9474-1A3956D46DE8}") = "shared", "shared", "{90FCFCEB-D314-4AEB-A80E-419EEF761422}"
EndProject
Project("{9A19103F-16F7-4668-BE54-9A1E7A4F7556}") = "MPM.Exposure.Business.IntegrationTests", "test\shared\MPM.Exposure.Business.IntegrationTests\MPM.Exposure.Business.IntegrationTests.csproj", "{3DEB1017-F6F1-4C0D-8A81-40F008A796B3}"
	ProjectSection(ProjectDependencies) = postProject
		{4A119EAE-1152-48B0-842F-3CCD3AE21B22} = {4A119EAE-1152-48B0-842F-3CCD3AE21B22}
	EndProjectSection
EndProject
Project("{9A19103F-16F7-4668-BE54-9A1E7A4F7556}") = "MPM.Exposure.JobQueue", "src\services\MPM.Exposure.JobQueue\MPM.Exposure.JobQueue.csproj", "{32262246-ADF6-4561-8607-1C6A02E9977B}"
EndProject
Project("{9A19103F-16F7-4668-BE54-9A1E7A4F7556}") = "MPM.Exposure.Job", "src\shared\MPM.Exposure.Job\MPM.Exposure.Job.csproj", "{4982B84C-7A88-4CA5-AFEF-991EFE2FFD4E}"
EndProject
Project("{9A19103F-16F7-4668-BE54-9A1E7A4F7556}") = "MPM.Exposure.E2ETests", "test\services\MPM.Exposure.E2ETests\MPM.Exposure.E2ETests.csproj", "{8F067833-F3D4-41EF-93DC-8DE3BFBB711E}"
EndProject
Project("{9A19103F-16F7-4668-BE54-9A1E7A4F7556}") = "MPM.Exposure.Business.UnitTests", "test\shared\MPM.Exposure.Business.UnitTests\MPM.Exposure.Business.UnitTests.csproj", "{AAE5CFD1-7CD1-49D6-97AD-AABA6F42F980}"
EndProject
Project("{9A19103F-16F7-4668-BE54-9A1E7A4F7556}") = "MPM.Exposure.Data.UnitTests", "test\shared\MPM.Exposure.Data.UnitTests\MPM.Exposure.Data.UnitTests.csproj", "{C760740F-189C-4534-B074-15DAFEFB15C2}"
EndProject
Project("{9A19103F-16F7-4668-BE54-9A1E7A4F7556}") = "MPM.Exposure.Test.Core", "test\shared\MPM.Exposure.Test.Core\MPM.Exposure.Test.Core.csproj", "{4A119EAE-1152-48B0-842F-3CCD3AE21B22}"
EndProject
Project("{9A19103F-16F7-4668-BE54-9A1E7A4F7556}") = "MPM.Exposure.Service", "src\shared\MPM.Exposure.Service\MPM.Exposure.Service.csproj", "{E9D17ABB-9E13-4B95-88CF-4915AAFB311B}"
EndProject
Project("{2150E333-8FDC-42A3-9474-1A3956D46DE8}") = "infra", "infra", "{BE605555-1F52-498C-AF6D-B9D79AD9C2B0}"
EndProject
Project("{9A19103F-16F7-4668-BE54-9A1E7A4F7556}") = "MPM.Exposure.Azure.BlobStorage", "src\infra\MPM.Exposure.Azure.BlobStorage\MPM.Exposure.Azure.BlobStorage.csproj", "{7DC50D5F-3C14-4415-91BC-84866A6EF01E}"
EndProject
Project("{9A19103F-16F7-4668-BE54-9A1E7A4F7556}") = "MPM.Exposure.Infra.Apis", "src\infra\MPM.Exposure.Infra.Apis\MPM.Exposure.Infra.Apis.csproj", "{E49DCB25-BDAD-4C55-BBA2-7044B50E91A3}"
EndProject
Project("{9A19103F-16F7-4668-BE54-9A1E7A4F7556}") = "MPM.Exposure.Business.Developer.IntegrationTests", "test\shared\MPM.Exposure.Business.Developer.IntegrationTests\MPM.Exposure.Business.Developer.IntegrationTests.csproj", "{CD857AC5-A133-4134-87FF-93C89B52CFEC}"
EndProject
Project("{9A19103F-16F7-4668-BE54-9A1E7A4F7556}") = "MPM.Exposure.Abstractions.UnitTests", "test\shared\MPM.Exposure.Abstractions.UnitTests\MPM.Exposure.Abstractions.UnitTests.csproj", "{CBD127D2-112C-49EB-B208-74DD8BF24857}"
EndProject
Project("{9A19103F-16F7-4668-BE54-9A1E7A4F7556}") = "MPM.Exposure.Job.UnitTests", "test\shared\MPM.Exposure.Job.UnitTests\MPM.Exposure.Job.UnitTests.csproj", "{0637177A-8919-4CF3-A08D-7DCF63F7A395}"
EndProject
Project("{9A19103F-16F7-4668-BE54-9A1E7A4F7556}") = "MPM.Exposure.Job.Developer.IntegrationTests", "test\shared\MPM.Exposure.Job.Developer.IntegrationTests\MPM.Exposure.Job.Developer.IntegrationTests.csproj", "{49912CA1-636B-4CC9-8918-6E389256062B}"
EndProject
Project("{FAE04EC0-301F-11D3-BF4B-00C04F79EFBC}") = "MPM.Exposure.Excel", "src\shared\MPM.Exposure.Excel\MPM.Exposure.Excel.csproj", "{A0F7347E-5ED5-434B-B8B5-1B53608DE952}"
EndProject
Project("{2150E333-8FDC-42A3-9474-1A3956D46DE8}") = "infra", "infra", "{02EA681E-C7D8-13C7-8484-4AC65E1B71E8}"
EndProject
Project("{FAE04EC0-301F-11D3-BF4B-00C04F79EFBC}") = "BlobStorage", "test\services\infra\BlobStorage\BlobStorage.csproj", "{9B9D3DC7-C3F4-1CCA-2951-B58C93BB4068}"
EndProject
Global
	GlobalSection(SolutionConfigurationPlatforms) = preSolution
		Debug|Any CPU = Debug|Any CPU
		Debug|x64 = Debug|x64
		Release|Any CPU = Release|Any CPU
		Release|x64 = Release|x64
	EndGlobalSection
	GlobalSection(ProjectConfigurationPlatforms) = postSolution
		{151BE32F-6CC9-4E57-B148-D3C894F95E93}.Debug|Any CPU.ActiveCfg = Debug|Any CPU
		{151BE32F-6CC9-4E57-B148-D3C894F95E93}.Debug|Any CPU.Build.0 = Debug|Any CPU
		{151BE32F-6CC9-4E57-B148-D3C894F95E93}.Debug|x64.ActiveCfg = Debug|x64
		{151BE32F-6CC9-4E57-B148-D3C894F95E93}.Debug|x64.Build.0 = Debug|x64
		{151BE32F-6CC9-4E57-B148-D3C894F95E93}.Release|Any CPU.ActiveCfg = Release|Any CPU
		{151BE32F-6CC9-4E57-B148-D3C894F95E93}.Release|Any CPU.Build.0 = Release|Any CPU
		{151BE32F-6CC9-4E57-B148-D3C894F95E93}.Release|x64.ActiveCfg = Release|x64
		{151BE32F-6CC9-4E57-B148-D3C894F95E93}.Release|x64.Build.0 = Release|x64
		{F154FF95-022C-4F92-B91F-8B6BBAA6BF3D}.Debug|Any CPU.ActiveCfg = Debug|Any CPU
		{F154FF95-022C-4F92-B91F-8B6BBAA6BF3D}.Debug|Any CPU.Build.0 = Debug|Any CPU
		{F154FF95-022C-4F92-B91F-8B6BBAA6BF3D}.Debug|x64.ActiveCfg = Debug|x64
		{F154FF95-022C-4F92-B91F-8B6BBAA6BF3D}.Debug|x64.Build.0 = Debug|x64
		{F154FF95-022C-4F92-B91F-8B6BBAA6BF3D}.Release|Any CPU.ActiveCfg = Release|Any CPU
		{F154FF95-022C-4F92-B91F-8B6BBAA6BF3D}.Release|Any CPU.Build.0 = Release|Any CPU
		{F154FF95-022C-4F92-B91F-8B6BBAA6BF3D}.Release|x64.ActiveCfg = Release|x64
		{F154FF95-022C-4F92-B91F-8B6BBAA6BF3D}.Release|x64.Build.0 = Release|x64
		{2CD321A3-B44E-4BBC-8017-3C2532A393A3}.Debug|Any CPU.ActiveCfg = Debug|Any CPU
		{2CD321A3-B44E-4BBC-8017-3C2532A393A3}.Debug|Any CPU.Build.0 = Debug|Any CPU
		{2CD321A3-B44E-4BBC-8017-3C2532A393A3}.Debug|x64.ActiveCfg = Debug|x64
		{2CD321A3-B44E-4BBC-8017-3C2532A393A3}.Debug|x64.Build.0 = Debug|x64
		{2CD321A3-B44E-4BBC-8017-3C2532A393A3}.Release|Any CPU.ActiveCfg = Release|Any CPU
		{2CD321A3-B44E-4BBC-8017-3C2532A393A3}.Release|Any CPU.Build.0 = Release|Any CPU
		{2CD321A3-B44E-4BBC-8017-3C2532A393A3}.Release|x64.ActiveCfg = Release|x64
		{2CD321A3-B44E-4BBC-8017-3C2532A393A3}.Release|x64.Build.0 = Release|x64
		{DE7F23BE-C970-4284-81BC-1114D245B154}.Debug|Any CPU.ActiveCfg = Debug|Any CPU
		{DE7F23BE-C970-4284-81BC-1114D245B154}.Debug|Any CPU.Build.0 = Debug|Any CPU
		{DE7F23BE-C970-4284-81BC-1114D245B154}.Debug|x64.ActiveCfg = Debug|x64
		{DE7F23BE-C970-4284-81BC-1114D245B154}.Debug|x64.Build.0 = Debug|x64
		{DE7F23BE-C970-4284-81BC-1114D245B154}.Release|Any CPU.ActiveCfg = Release|Any CPU
		{DE7F23BE-C970-4284-81BC-1114D245B154}.Release|Any CPU.Build.0 = Release|Any CPU
		{DE7F23BE-C970-4284-81BC-1114D245B154}.Release|x64.ActiveCfg = Release|x64
		{DE7F23BE-C970-4284-81BC-1114D245B154}.Release|x64.Build.0 = Release|x64
		{E9356057-A293-4E3C-8105-39175976BAFC}.Debug|Any CPU.ActiveCfg = Debug|x64
		{E9356057-A293-4E3C-8105-39175976BAFC}.Debug|x64.ActiveCfg = Debug|x64
		{E9356057-A293-4E3C-8105-39175976BAFC}.Debug|x64.Build.0 = Debug|x64
		{E9356057-A293-4E3C-8105-39175976BAFC}.Release|Any CPU.ActiveCfg = Release|x64
		{E9356057-A293-4E3C-8105-39175976BAFC}.Release|x64.ActiveCfg = Release|x64
		{E9356057-A293-4E3C-8105-39175976BAFC}.Release|x64.Build.0 = Release|x64
		{E9356057-A293-4E3C-8105-39175976BAFC}.Release|x64.Deploy.0 = Release|x64
		{867206E2-1ABC-43E5-89DB-4656935245E2}.Debug|Any CPU.ActiveCfg = Debug|x64
		{867206E2-1ABC-43E5-89DB-4656935245E2}.Debug|Any CPU.Build.0 = Debug|x64
		{867206E2-1ABC-43E5-89DB-4656935245E2}.Debug|x64.ActiveCfg = Debug|x64
		{867206E2-1ABC-43E5-89DB-4656935245E2}.Debug|x64.Build.0 = Debug|x64
		{867206E2-1ABC-43E5-89DB-4656935245E2}.Debug|x64.Deploy.0 = Debug|x64
		{867206E2-1ABC-43E5-89DB-4656935245E2}.Release|Any CPU.ActiveCfg = Release|x64
		{867206E2-1ABC-43E5-89DB-4656935245E2}.Release|x64.ActiveCfg = Release|x64
		{867206E2-1ABC-43E5-89DB-4656935245E2}.Release|x64.Build.0 = Release|x64
		{867206E2-1ABC-43E5-89DB-4656935245E2}.Release|x64.Deploy.0 = Release|x64
		{FA226E90-DAC1-410F-BD85-BF0DC9CD5B69}.Debug|Any CPU.ActiveCfg = Debug|Any CPU
		{FA226E90-DAC1-410F-BD85-BF0DC9CD5B69}.Debug|Any CPU.Build.0 = Debug|Any CPU
		{FA226E90-DAC1-410F-BD85-BF0DC9CD5B69}.Debug|x64.ActiveCfg = Debug|x64
		{FA226E90-DAC1-410F-BD85-BF0DC9CD5B69}.Debug|x64.Build.0 = Debug|x64
		{FA226E90-DAC1-410F-BD85-BF0DC9CD5B69}.Release|Any CPU.ActiveCfg = Release|Any CPU
		{FA226E90-DAC1-410F-BD85-BF0DC9CD5B69}.Release|Any CPU.Build.0 = Release|Any CPU
		{FA226E90-DAC1-410F-BD85-BF0DC9CD5B69}.Release|x64.ActiveCfg = Release|x64
		{FA226E90-DAC1-410F-BD85-BF0DC9CD5B69}.Release|x64.Build.0 = Release|x64
		{3DEB1017-F6F1-4C0D-8A81-40F008A796B3}.Debug|Any CPU.ActiveCfg = Debug|Any CPU
		{3DEB1017-F6F1-4C0D-8A81-40F008A796B3}.Debug|Any CPU.Build.0 = Debug|Any CPU
		{3DEB1017-F6F1-4C0D-8A81-40F008A796B3}.Debug|x64.ActiveCfg = Debug|Any CPU
		{3DEB1017-F6F1-4C0D-8A81-40F008A796B3}.Debug|x64.Build.0 = Debug|Any CPU
		{3DEB1017-F6F1-4C0D-8A81-40F008A796B3}.Release|Any CPU.ActiveCfg = Release|Any CPU
		{3DEB1017-F6F1-4C0D-8A81-40F008A796B3}.Release|Any CPU.Build.0 = Release|Any CPU
		{3DEB1017-F6F1-4C0D-8A81-40F008A796B3}.Release|x64.ActiveCfg = Release|Any CPU
		{3DEB1017-F6F1-4C0D-8A81-40F008A796B3}.Release|x64.Build.0 = Release|Any CPU
		{32262246-ADF6-4561-8607-1C6A02E9977B}.Debug|Any CPU.ActiveCfg = Debug|Any CPU
		{32262246-ADF6-4561-8607-1C6A02E9977B}.Debug|Any CPU.Build.0 = Debug|Any CPU
		{32262246-ADF6-4561-8607-1C6A02E9977B}.Debug|x64.ActiveCfg = Debug|Any CPU
		{32262246-ADF6-4561-8607-1C6A02E9977B}.Debug|x64.Build.0 = Debug|Any CPU
		{32262246-ADF6-4561-8607-1C6A02E9977B}.Release|Any CPU.ActiveCfg = Release|Any CPU
		{32262246-ADF6-4561-8607-1C6A02E9977B}.Release|Any CPU.Build.0 = Release|Any CPU
		{32262246-ADF6-4561-8607-1C6A02E9977B}.Release|x64.ActiveCfg = Release|Any CPU
		{32262246-ADF6-4561-8607-1C6A02E9977B}.Release|x64.Build.0 = Release|Any CPU
		{4982B84C-7A88-4CA5-AFEF-991EFE2FFD4E}.Debug|Any CPU.ActiveCfg = Debug|Any CPU
		{4982B84C-7A88-4CA5-AFEF-991EFE2FFD4E}.Debug|Any CPU.Build.0 = Debug|Any CPU
		{4982B84C-7A88-4CA5-AFEF-991EFE2FFD4E}.Debug|x64.ActiveCfg = Debug|Any CPU
		{4982B84C-7A88-4CA5-AFEF-991EFE2FFD4E}.Debug|x64.Build.0 = Debug|Any CPU
		{4982B84C-7A88-4CA5-AFEF-991EFE2FFD4E}.Release|Any CPU.ActiveCfg = Release|Any CPU
		{4982B84C-7A88-4CA5-AFEF-991EFE2FFD4E}.Release|Any CPU.Build.0 = Release|Any CPU
		{4982B84C-7A88-4CA5-AFEF-991EFE2FFD4E}.Release|x64.ActiveCfg = Release|Any CPU
		{4982B84C-7A88-4CA5-AFEF-991EFE2FFD4E}.Release|x64.Build.0 = Release|Any CPU
		{8F067833-F3D4-41EF-93DC-8DE3BFBB711E}.Debug|Any CPU.ActiveCfg = Debug|Any CPU
		{8F067833-F3D4-41EF-93DC-8DE3BFBB711E}.Debug|Any CPU.Build.0 = Debug|Any CPU
		{8F067833-F3D4-41EF-93DC-8DE3BFBB711E}.Debug|x64.ActiveCfg = Debug|Any CPU
		{8F067833-F3D4-41EF-93DC-8DE3BFBB711E}.Debug|x64.Build.0 = Debug|Any CPU
		{8F067833-F3D4-41EF-93DC-8DE3BFBB711E}.Release|Any CPU.ActiveCfg = Release|Any CPU
		{8F067833-F3D4-41EF-93DC-8DE3BFBB711E}.Release|Any CPU.Build.0 = Release|Any CPU
		{8F067833-F3D4-41EF-93DC-8DE3BFBB711E}.Release|x64.ActiveCfg = Release|Any CPU
		{8F067833-F3D4-41EF-93DC-8DE3BFBB711E}.Release|x64.Build.0 = Release|Any CPU
		{AAE5CFD1-7CD1-49D6-97AD-AABA6F42F980}.Debug|Any CPU.ActiveCfg = Debug|Any CPU
		{AAE5CFD1-7CD1-49D6-97AD-AABA6F42F980}.Debug|Any CPU.Build.0 = Debug|Any CPU
		{AAE5CFD1-7CD1-49D6-97AD-AABA6F42F980}.Debug|x64.ActiveCfg = Debug|Any CPU
		{AAE5CFD1-7CD1-49D6-97AD-AABA6F42F980}.Debug|x64.Build.0 = Debug|Any CPU
		{AAE5CFD1-7CD1-49D6-97AD-AABA6F42F980}.Release|Any CPU.ActiveCfg = Release|Any CPU
		{AAE5CFD1-7CD1-49D6-97AD-AABA6F42F980}.Release|Any CPU.Build.0 = Release|Any CPU
		{AAE5CFD1-7CD1-49D6-97AD-AABA6F42F980}.Release|x64.ActiveCfg = Release|Any CPU
		{AAE5CFD1-7CD1-49D6-97AD-AABA6F42F980}.Release|x64.Build.0 = Release|Any CPU
		{C760740F-189C-4534-B074-15DAFEFB15C2}.Debug|Any CPU.ActiveCfg = Debug|Any CPU
		{C760740F-189C-4534-B074-15DAFEFB15C2}.Debug|Any CPU.Build.0 = Debug|Any CPU
		{C760740F-189C-4534-B074-15DAFEFB15C2}.Debug|x64.ActiveCfg = Debug|Any CPU
		{C760740F-189C-4534-B074-15DAFEFB15C2}.Debug|x64.Build.0 = Debug|Any CPU
		{C760740F-189C-4534-B074-15DAFEFB15C2}.Release|Any CPU.ActiveCfg = Release|Any CPU
		{C760740F-189C-4534-B074-15DAFEFB15C2}.Release|Any CPU.Build.0 = Release|Any CPU
		{C760740F-189C-4534-B074-15DAFEFB15C2}.Release|x64.ActiveCfg = Release|Any CPU
		{C760740F-189C-4534-B074-15DAFEFB15C2}.Release|x64.Build.0 = Release|Any CPU
		{4A119EAE-1152-48B0-842F-3CCD3AE21B22}.Debug|Any CPU.ActiveCfg = Debug|Any CPU
		{4A119EAE-1152-48B0-842F-3CCD3AE21B22}.Debug|Any CPU.Build.0 = Debug|Any CPU
		{4A119EAE-1152-48B0-842F-3CCD3AE21B22}.Debug|x64.ActiveCfg = Debug|Any CPU
		{4A119EAE-1152-48B0-842F-3CCD3AE21B22}.Debug|x64.Build.0 = Debug|Any CPU
		{4A119EAE-1152-48B0-842F-3CCD3AE21B22}.Release|Any CPU.ActiveCfg = Release|Any CPU
		{4A119EAE-1152-48B0-842F-3CCD3AE21B22}.Release|Any CPU.Build.0 = Release|Any CPU
		{4A119EAE-1152-48B0-842F-3CCD3AE21B22}.Release|x64.ActiveCfg = Release|Any CPU
		{4A119EAE-1152-48B0-842F-3CCD3AE21B22}.Release|x64.Build.0 = Release|Any CPU
		{E9D17ABB-9E13-4B95-88CF-4915AAFB311B}.Debug|Any CPU.ActiveCfg = Debug|Any CPU
		{E9D17ABB-9E13-4B95-88CF-4915AAFB311B}.Debug|Any CPU.Build.0 = Debug|Any CPU
		{E9D17ABB-9E13-4B95-88CF-4915AAFB311B}.Debug|x64.ActiveCfg = Debug|Any CPU
		{E9D17ABB-9E13-4B95-88CF-4915AAFB311B}.Debug|x64.Build.0 = Debug|Any CPU
		{E9D17ABB-9E13-4B95-88CF-4915AAFB311B}.Release|Any CPU.ActiveCfg = Release|Any CPU
		{E9D17ABB-9E13-4B95-88CF-4915AAFB311B}.Release|Any CPU.Build.0 = Release|Any CPU
		{E9D17ABB-9E13-4B95-88CF-4915AAFB311B}.Release|x64.ActiveCfg = Release|Any CPU
		{E9D17ABB-9E13-4B95-88CF-4915AAFB311B}.Release|x64.Build.0 = Release|Any CPU
		{7DC50D5F-3C14-4415-91BC-84866A6EF01E}.Debug|Any CPU.ActiveCfg = Debug|Any CPU
		{7DC50D5F-3C14-4415-91BC-84866A6EF01E}.Debug|Any CPU.Build.0 = Debug|Any CPU
		{7DC50D5F-3C14-4415-91BC-84866A6EF01E}.Debug|x64.ActiveCfg = Debug|Any CPU
		{7DC50D5F-3C14-4415-91BC-84866A6EF01E}.Debug|x64.Build.0 = Debug|Any CPU
		{7DC50D5F-3C14-4415-91BC-84866A6EF01E}.Release|Any CPU.ActiveCfg = Release|Any CPU
		{7DC50D5F-3C14-4415-91BC-84866A6EF01E}.Release|Any CPU.Build.0 = Release|Any CPU
		{7DC50D5F-3C14-4415-91BC-84866A6EF01E}.Release|x64.ActiveCfg = Release|Any CPU
		{7DC50D5F-3C14-4415-91BC-84866A6EF01E}.Release|x64.Build.0 = Release|Any CPU
		{E49DCB25-BDAD-4C55-BBA2-7044B50E91A3}.Debug|Any CPU.ActiveCfg = Debug|Any CPU
		{E49DCB25-BDAD-4C55-BBA2-7044B50E91A3}.Debug|Any CPU.Build.0 = Debug|Any CPU
		{E49DCB25-BDAD-4C55-BBA2-7044B50E91A3}.Debug|x64.ActiveCfg = Debug|Any CPU
		{E49DCB25-BDAD-4C55-BBA2-7044B50E91A3}.Debug|x64.Build.0 = Debug|Any CPU
		{E49DCB25-BDAD-4C55-BBA2-7044B50E91A3}.Release|Any CPU.ActiveCfg = Release|Any CPU
		{E49DCB25-BDAD-4C55-BBA2-7044B50E91A3}.Release|Any CPU.Build.0 = Release|Any CPU
		{E49DCB25-BDAD-4C55-BBA2-7044B50E91A3}.Release|x64.ActiveCfg = Release|Any CPU
		{E49DCB25-BDAD-4C55-BBA2-7044B50E91A3}.Release|x64.Build.0 = Release|Any CPU
		{CD857AC5-A133-4134-87FF-93C89B52CFEC}.Debug|Any CPU.ActiveCfg = Debug|Any CPU
		{CD857AC5-A133-4134-87FF-93C89B52CFEC}.Debug|Any CPU.Build.0 = Debug|Any CPU
		{CD857AC5-A133-4134-87FF-93C89B52CFEC}.Debug|x64.ActiveCfg = Debug|Any CPU
		{CD857AC5-A133-4134-87FF-93C89B52CFEC}.Debug|x64.Build.0 = Debug|Any CPU
		{CD857AC5-A133-4134-87FF-93C89B52CFEC}.Release|Any CPU.ActiveCfg = Release|Any CPU
		{CD857AC5-A133-4134-87FF-93C89B52CFEC}.Release|Any CPU.Build.0 = Release|Any CPU
		{CD857AC5-A133-4134-87FF-93C89B52CFEC}.Release|x64.ActiveCfg = Release|Any CPU
		{CD857AC5-A133-4134-87FF-93C89B52CFEC}.Release|x64.Build.0 = Release|Any CPU
		{CBD127D2-112C-49EB-B208-74DD8BF24857}.Debug|Any CPU.ActiveCfg = Debug|Any CPU
		{CBD127D2-112C-49EB-B208-74DD8BF24857}.Debug|Any CPU.Build.0 = Debug|Any CPU
		{CBD127D2-112C-49EB-B208-74DD8BF24857}.Debug|x64.ActiveCfg = Debug|Any CPU
		{CBD127D2-112C-49EB-B208-74DD8BF24857}.Debug|x64.Build.0 = Debug|Any CPU
		{CBD127D2-112C-49EB-B208-74DD8BF24857}.Release|Any CPU.ActiveCfg = Release|Any CPU
		{CBD127D2-112C-49EB-B208-74DD8BF24857}.Release|Any CPU.Build.0 = Release|Any CPU
		{CBD127D2-112C-49EB-B208-74DD8BF24857}.Release|x64.ActiveCfg = Release|Any CPU
		{CBD127D2-112C-49EB-B208-74DD8BF24857}.Release|x64.Build.0 = Release|Any CPU
		{0637177A-8919-4CF3-A08D-7DCF63F7A395}.Debug|Any CPU.ActiveCfg = Debug|Any CPU
		{0637177A-8919-4CF3-A08D-7DCF63F7A395}.Debug|Any CPU.Build.0 = Debug|Any CPU
		{0637177A-8919-4CF3-A08D-7DCF63F7A395}.Debug|x64.ActiveCfg = Debug|Any CPU
		{0637177A-8919-4CF3-A08D-7DCF63F7A395}.Debug|x64.Build.0 = Debug|Any CPU
		{0637177A-8919-4CF3-A08D-7DCF63F7A395}.Release|Any CPU.ActiveCfg = Release|Any CPU
		{0637177A-8919-4CF3-A08D-7DCF63F7A395}.Release|Any CPU.Build.0 = Release|Any CPU
		{0637177A-8919-4CF3-A08D-7DCF63F7A395}.Release|x64.ActiveCfg = Release|Any CPU
		{0637177A-8919-4CF3-A08D-7DCF63F7A395}.Release|x64.Build.0 = Release|Any CPU
		{49912CA1-636B-4CC9-8918-6E389256062B}.Debug|Any CPU.ActiveCfg = Debug|Any CPU
		{49912CA1-636B-4CC9-8918-6E389256062B}.Debug|Any CPU.Build.0 = Debug|Any CPU
		{49912CA1-636B-4CC9-8918-6E389256062B}.Debug|x64.ActiveCfg = Debug|Any CPU
		{49912CA1-636B-4CC9-8918-6E389256062B}.Debug|x64.Build.0 = Debug|Any CPU
		{49912CA1-636B-4CC9-8918-6E389256062B}.Release|Any CPU.ActiveCfg = Release|Any CPU
		{49912CA1-636B-4CC9-8918-6E389256062B}.Release|Any CPU.Build.0 = Release|Any CPU
		{49912CA1-636B-4CC9-8918-6E389256062B}.Release|x64.ActiveCfg = Release|Any CPU
		{49912CA1-636B-4CC9-8918-6E389256062B}.Release|x64.Build.0 = Release|Any CPU
		{A0F7347E-5ED5-434B-B8B5-1B53608DE952}.Debug|Any CPU.ActiveCfg = Debug|Any CPU
		{A0F7347E-5ED5-434B-B8B5-1B53608DE952}.Debug|Any CPU.Build.0 = Debug|Any CPU
		{A0F7347E-5ED5-434B-B8B5-1B53608DE952}.Debug|x64.ActiveCfg = Debug|Any CPU
		{A0F7347E-5ED5-434B-B8B5-1B53608DE952}.Debug|x64.Build.0 = Debug|Any CPU
		{A0F7347E-5ED5-434B-B8B5-1B53608DE952}.Release|Any CPU.ActiveCfg = Release|Any CPU
		{A0F7347E-5ED5-434B-B8B5-1B53608DE952}.Release|Any CPU.Build.0 = Release|Any CPU
		{A0F7347E-5ED5-434B-B8B5-1B53608DE952}.Release|x64.ActiveCfg = Release|Any CPU
		{A0F7347E-5ED5-434B-B8B5-1B53608DE952}.Release|x64.Build.0 = Release|Any CPU
		{9B9D3DC7-C3F4-1CCA-2951-B58C93BB4068}.Debug|Any CPU.ActiveCfg = Debug|Any CPU
		{9B9D3DC7-C3F4-1CCA-2951-B58C93BB4068}.Debug|Any CPU.Build.0 = Debug|Any CPU
		{9B9D3DC7-C3F4-1CCA-2951-B58C93BB4068}.Debug|x64.ActiveCfg = Debug|Any CPU
		{9B9D3DC7-C3F4-1CCA-2951-B58C93BB4068}.Debug|x64.Build.0 = Debug|Any CPU
		{9B9D3DC7-C3F4-1CCA-2951-B58C93BB4068}.Release|Any CPU.ActiveCfg = Release|Any CPU
		{9B9D3DC7-C3F4-1CCA-2951-B58C93BB4068}.Release|Any CPU.Build.0 = Release|Any CPU
		{9B9D3DC7-C3F4-1CCA-2951-B58C93BB4068}.Release|x64.ActiveCfg = Release|Any CPU
		{9B9D3DC7-C3F4-1CCA-2951-B58C93BB4068}.Release|x64.Build.0 = Release|Any CPU
	EndGlobalSection
	GlobalSection(SolutionProperties) = preSolution
		HideSolutionNode = FALSE
	EndGlobalSection
	GlobalSection(NestedProjects) = preSolution
		{151BE32F-6CC9-4E57-B148-D3C894F95E93} = {6A5CE7D8-61A2-4588-8547-AF2D3ACE84C4}
		{F154FF95-022C-4F92-B91F-8B6BBAA6BF3D} = {DDC5E6D1-30D2-4F0C-ADBB-D74419A0D092}
		{2CD321A3-B44E-4BBC-8017-3C2532A393A3} = {DC9B2F31-5602-466E-93D7-0F55CD32AFEF}
		{DE7F23BE-C970-4284-81BC-1114D245B154} = {DC9B2F31-5602-466E-93D7-0F55CD32AFEF}
		{E9356057-A293-4E3C-8105-39175976BAFC} = {4DBF200C-6C7E-4E08-8009-F6C0D5D88779}
		{867206E2-1ABC-43E5-89DB-4656935245E2} = {178A0CD7-BD69-4087-B58E-4678AFA5E493}
		{FA226E90-DAC1-410F-BD85-BF0DC9CD5B69} = {DC9B2F31-5602-466E-93D7-0F55CD32AFEF}
		{4DBF200C-6C7E-4E08-8009-F6C0D5D88779} = {31BED1B8-9907-4E5F-AF77-87A5EBC36280}
		{DC9B2F31-5602-466E-93D7-0F55CD32AFEF} = {31BED1B8-9907-4E5F-AF77-87A5EBC36280}
		{6A5CE7D8-61A2-4588-8547-AF2D3ACE84C4} = {31BED1B8-9907-4E5F-AF77-87A5EBC36280}
		{178A0CD7-BD69-4087-B58E-4678AFA5E493} = {31BED1B8-9907-4E5F-AF77-87A5EBC36280}
		{DDC5E6D1-30D2-4F0C-ADBB-D74419A0D092} = {67FEA9F8-6BB2-470D-B353-F99BC6F376DB}
		{90FCFCEB-D314-4AEB-A80E-419EEF761422} = {67FEA9F8-6BB2-470D-B353-F99BC6F376DB}
		{3DEB1017-F6F1-4C0D-8A81-40F008A796B3} = {90FCFCEB-D314-4AEB-A80E-419EEF761422}
		{32262246-ADF6-4561-8607-1C6A02E9977B} = {6A5CE7D8-61A2-4588-8547-AF2D3ACE84C4}
		{4982B84C-7A88-4CA5-AFEF-991EFE2FFD4E} = {DC9B2F31-5602-466E-93D7-0F55CD32AFEF}
		{8F067833-F3D4-41EF-93DC-8DE3BFBB711E} = {DDC5E6D1-30D2-4F0C-ADBB-D74419A0D092}
		{AAE5CFD1-7CD1-49D6-97AD-AABA6F42F980} = {90FCFCEB-D314-4AEB-A80E-419EEF761422}
		{C760740F-189C-4534-B074-15DAFEFB15C2} = {90FCFCEB-D314-4AEB-A80E-419EEF761422}
		{4A119EAE-1152-48B0-842F-3CCD3AE21B22} = {90FCFCEB-D314-4AEB-A80E-419EEF761422}
		{E9D17ABB-9E13-4B95-88CF-4915AAFB311B} = {DC9B2F31-5602-466E-93D7-0F55CD32AFEF}
		{BE605555-1F52-498C-AF6D-B9D79AD9C2B0} = {31BED1B8-9907-4E5F-AF77-87A5EBC36280}
		{7DC50D5F-3C14-4415-91BC-84866A6EF01E} = {BE605555-1F52-498C-AF6D-B9D79AD9C2B0}
		{E49DCB25-BDAD-4C55-BBA2-7044B50E91A3} = {BE605555-1F52-498C-AF6D-B9D79AD9C2B0}
		{CD857AC5-A133-4134-87FF-93C89B52CFEC} = {90FCFCEB-D314-4AEB-A80E-419EEF761422}
		{CBD127D2-112C-49EB-B208-74DD8BF24857} = {90FCFCEB-D314-4AEB-A80E-419EEF761422}
		{0637177A-8919-4CF3-A08D-7DCF63F7A395} = {90FCFCEB-D314-4AEB-A80E-419EEF761422}
		{49912CA1-636B-4CC9-8918-6E389256062B} = {90FCFCEB-D314-4AEB-A80E-419EEF761422}
		{A0F7347E-5ED5-434B-B8B5-1B53608DE952} = {DC9B2F31-5602-466E-93D7-0F55CD32AFEF}
		{02EA681E-C7D8-13C7-8484-4AC65E1B71E8} = {DDC5E6D1-30D2-4F0C-ADBB-D74419A0D092}
		{9B9D3DC7-C3F4-1CCA-2951-B58C93BB4068} = {02EA681E-C7D8-13C7-8484-4AC65E1B71E8}
	EndGlobalSection
	GlobalSection(ExtensibilityGlobals) = postSolution
		SolutionGuid = {FA24B2EB-2EF0-414E-ACAB-E9DD8BB8BE58}
	EndGlobalSection
EndGlobal
